
Microsoft Visual Studio Solution File, Format Version 12.00
# Visual Studio Version 17
VisualStudioVersion = 17.3.32929.385
MinimumVisualStudioVersion = 10.0.40219.1
Project("{FAE04EC0-301F-11D3-BF4B-00C04F79EFBC}") = "TwentiBeauti_BackEnd_DotNet", "TwentiBeauti_BackEnd_DotNet\TwentiBeauti_BackEnd_DotNet.csproj", "{1640C745-BADB-4607-930C-497EF64A6757}"
EndProject
Global
	GlobalSection(SolutionConfigurationPlatforms) = preSolution
		Debug|Any CPU = Debug|Any CPU
		Release|Any CPU = Release|Any CPU
	EndGlobalSection
	GlobalSection(ProjectConfigurationPlatforms) = postSolution
		{1640C745-BADB-4607-930C-497EF64A6757}.Debug|Any CPU.ActiveCfg = Debug|Any CPU
		{1640C745-BADB-4607-930C-497EF64A6757}.Debug|Any CPU.Build.0 = Debug|Any CPU
		{1640C745-BADB-4607-930C-497EF64A6757}.Release|Any CPU.ActiveCfg = Release|Any CPU
		{1640C745-BADB-4607-930C-497EF64A6757}.Release|Any CPU.Build.0 = Release|Any CPU
	EndGlobalSection
	GlobalSection(SolutionProperties) = preSolution
		HideSolutionNode = FALSE
	EndGlobalSection
	GlobalSection(ExtensibilityGlobals) = postSolution
		SolutionGuid = {CEC4B08E-FB26-45FD-AED9-52002A9EE617}
	EndGlobalSection
EndGlobal
